# THIS IS AN AUTOGENERATED FILE. DO NOT EDIT THIS FILE DIRECTLY.
# yarn lockfile v1


iobuffer@^2.0.0:
  version "2.1.0"
  resolved "https://registry.yarnpkg.com/iobuffer/-/iobuffer-2.1.0.tgz#074882d24020a85db6a5042a0418ef9b6b2e616a"

pako@^1.0.0:
  version "1.0.3"
  resolved "https://registry.yarnpkg.com/pako/-/pako-1.0.3.tgz#5f515b0c6722e1982920ae8005eacb0b7ca73ccf"
